
Microsoft Visual Studio Solution File, Format Version 12.00
# Visual Studio Version 16
VisualStudioVersion = 16.0.32602.291
MinimumVisualStudioVersion = 10.0.40219.1
Project("{FAE04EC0-301F-11D3-BF4B-00C04F79EFBC}") = "Algoritimo_2SEMSI", "Algoritimo_2SEMSI\Algoritimo_2SEMSI.csproj", "{74568323-0BFC-4360-8EFF-C552B033D2B3}"
EndProject
Global
	GlobalSection(SolutionConfigurationPlatforms) = preSolution
		Debug|Any CPU = Debug|Any CPU
		Release|Any CPU = Release|Any CPU
	EndGlobalSection
	GlobalSection(ProjectConfigurationPlatforms) = postSolution
		{74568323-0BFC-4360-8EFF-C552B033D2B3}.Debug|Any CPU.ActiveCfg = Debug|Any CPU
		{74568323-0BFC-4360-8EFF-C552B033D2B3}.Debug|Any CPU.Build.0 = Debug|Any CPU
		{74568323-0BFC-4360-8EFF-C552B033D2B3}.Release|Any CPU.ActiveCfg = Release|Any CPU
		{74568323-0BFC-4360-8EFF-C552B033D2B3}.Release|Any CPU.Build.0 = Release|Any CPU
	EndGlobalSection
	GlobalSection(SolutionProperties) = preSolution
		HideSolutionNode = FALSE
	EndGlobalSection
	GlobalSection(ExtensibilityGlobals) = postSolution
		SolutionGuid = {581D562F-D7CC-4763-AF95-CBFCE6146E82}
	EndGlobalSection
EndGlobal
